
Microsoft Visual Studio Solution File, Format Version 12.00
# Visual Studio Version 16
VisualStudioVersion = 16.0.29403.142
MinimumVisualStudioVersion = 15.0.26124.0
Project("{9A19103F-16F7-4668-BE54-9A1E7A4F7556}") = "DurableLoans.LoanOfficerNotificationService", "DurableLoans.LoanOfficerNotificationService\DurableLoans.LoanOfficerNotificationService.csproj", "{053ABD87-C304-4664-A2FA-6497F11360BF}"
EndProject
Project("{9A19103F-16F7-4668-BE54-9A1E7A4F7556}") = "DurableLoans.LoanProcess", "DurableLoans.LoanProcess\DurableLoans.LoanProcess.csproj", "{043759D4-972E-4664-A093-46949824EEF7}"
EndProject
Project("{9A19103F-16F7-4668-BE54-9A1E7A4F7556}") = "DurableLoans.Web", "DurableLoans.Web\DurableLoans.Web.csproj", "{5369E785-3B55-4B09-B539-5A959094B7B1}"
EndProject
Project("{9A19103F-16F7-4668-BE54-9A1E7A4F7556}") = "DurableLoans.DomainModel", "DurableLoans.DomainModel\DurableLoans.DomainModel.csproj", "{72B51956-D563-47A8-BAC9-2EF9923C9A6D}"
EndProject
Project("{9A19103F-16F7-4668-BE54-9A1E7A4F7556}") = "DurableLoans.ExchangeRateService", "DurableLoans.ExchangeRateService\DurableLoans.ExchangeRateService.csproj", "{0C9242EC-1784-4315-8E9B-2687FD8E5510}"
EndProject
Global
	GlobalSection(SolutionConfigurationPlatforms) = preSolution
		Debug|Any CPU = Debug|Any CPU
		Debug|iPhone = Debug|iPhone
		Debug|iPhoneSimulator = Debug|iPhoneSimulator
		Debug|x64 = Debug|x64
		Debug|x86 = Debug|x86
		Release|Any CPU = Release|Any CPU
		Release|iPhone = Release|iPhone
		Release|iPhoneSimulator = Release|iPhoneSimulator
		Release|x64 = Release|x64
		Release|x86 = Release|x86
	EndGlobalSection
	GlobalSection(ProjectConfigurationPlatforms) = postSolution
		{053ABD87-C304-4664-A2FA-6497F11360BF}.Debug|Any CPU.ActiveCfg = Debug|Any CPU
		{053ABD87-C304-4664-A2FA-6497F11360BF}.Debug|Any CPU.Build.0 = Debug|Any CPU
		{053ABD87-C304-4664-A2FA-6497F11360BF}.Debug|iPhone.ActiveCfg = Debug|Any CPU
		{053ABD87-C304-4664-A2FA-6497F11360BF}.Debug|iPhone.Build.0 = Debug|Any CPU
		{053ABD87-C304-4664-A2FA-6497F11360BF}.Debug|iPhoneSimulator.ActiveCfg = Debug|Any CPU
		{053ABD87-C304-4664-A2FA-6497F11360BF}.Debug|iPhoneSimulator.Build.0 = Debug|Any CPU
		{053ABD87-C304-4664-A2FA-6497F11360BF}.Debug|x64.ActiveCfg = Debug|Any CPU
		{053ABD87-C304-4664-A2FA-6497F11360BF}.Debug|x64.Build.0 = Debug|Any CPU
		{053ABD87-C304-4664-A2FA-6497F11360BF}.Debug|x86.ActiveCfg = Debug|Any CPU
		{053ABD87-C304-4664-A2FA-6497F11360BF}.Debug|x86.Build.0 = Debug|Any CPU
		{053ABD87-C304-4664-A2FA-6497F11360BF}.Release|Any CPU.ActiveCfg = Release|Any CPU
		{053ABD87-C304-4664-A2FA-6497F11360BF}.Release|Any CPU.Build.0 = Release|Any CPU
		{053ABD87-C304-4664-A2FA-6497F11360BF}.Release|iPhone.ActiveCfg = Release|Any CPU
		{053ABD87-C304-4664-A2FA-6497F11360BF}.Release|iPhone.Build.0 = Release|Any CPU
		{053ABD87-C304-4664-A2FA-6497F11360BF}.Release|iPhoneSimulator.ActiveCfg = Release|Any CPU
		{053ABD87-C304-4664-A2FA-6497F11360BF}.Release|iPhoneSimulator.Build.0 = Release|Any CPU
		{053ABD87-C304-4664-A2FA-6497F11360BF}.Release|x64.ActiveCfg = Release|Any CPU
		{053ABD87-C304-4664-A2FA-6497F11360BF}.Release|x64.Build.0 = Release|Any CPU
		{053ABD87-C304-4664-A2FA-6497F11360BF}.Release|x86.ActiveCfg = Release|Any CPU
		{053ABD87-C304-4664-A2FA-6497F11360BF}.Release|x86.Build.0 = Release|Any CPU
		{043759D4-972E-4664-A093-46949824EEF7}.Debug|Any CPU.ActiveCfg = Debug|Any CPU
		{043759D4-972E-4664-A093-46949824EEF7}.Debug|Any CPU.Build.0 = Debug|Any CPU
		{043759D4-972E-4664-A093-46949824EEF7}.Debug|iPhone.ActiveCfg = Debug|Any CPU
		{043759D4-972E-4664-A093-46949824EEF7}.Debug|iPhone.Build.0 = Debug|Any CPU
		{043759D4-972E-4664-A093-46949824EEF7}.Debug|iPhoneSimulator.ActiveCfg = Debug|Any CPU
		{043759D4-972E-4664-A093-46949824EEF7}.Debug|iPhoneSimulator.Build.0 = Debug|Any CPU
		{043759D4-972E-4664-A093-46949824EEF7}.Debug|x64.ActiveCfg = Debug|Any CPU
		{043759D4-972E-4664-A093-46949824EEF7}.Debug|x64.Build.0 = Debug|Any CPU
		{043759D4-972E-4664-A093-46949824EEF7}.Debug|x86.ActiveCfg = Debug|Any CPU
		{043759D4-972E-4664-A093-46949824EEF7}.Debug|x86.Build.0 = Debug|Any CPU
		{043759D4-972E-4664-A093-46949824EEF7}.Release|Any CPU.ActiveCfg = Release|Any CPU
		{043759D4-972E-4664-A093-46949824EEF7}.Release|Any CPU.Build.0 = Release|Any CPU
		{043759D4-972E-4664-A093-46949824EEF7}.Release|iPhone.ActiveCfg = Release|Any CPU
		{043759D4-972E-4664-A093-46949824EEF7}.Release|iPhone.Build.0 = Release|Any CPU
		{043759D4-972E-4664-A093-46949824EEF7}.Release|iPhoneSimulator.ActiveCfg = Release|Any CPU
		{043759D4-972E-4664-A093-46949824EEF7}.Release|iPhoneSimulator.Build.0 = Release|Any CPU
		{043759D4-972E-4664-A093-46949824EEF7}.Release|x64.ActiveCfg = Release|Any CPU
		{043759D4-972E-4664-A093-46949824EEF7}.Release|x64.Build.0 = Release|Any CPU
		{043759D4-972E-4664-A093-46949824EEF7}.Release|x86.ActiveCfg = Release|Any CPU
		{043759D4-972E-4664-A093-46949824EEF7}.Release|x86.Build.0 = Release|Any CPU
		{5369E785-3B55-4B09-B539-5A959094B7B1}.Debug|Any CPU.ActiveCfg = Debug|Any CPU
		{5369E785-3B55-4B09-B539-5A959094B7B1}.Debug|Any CPU.Build.0 = Debug|Any CPU
		{5369E785-3B55-4B09-B539-5A959094B7B1}.Debug|iPhone.ActiveCfg = Debug|Any CPU
		{5369E785-3B55-4B09-B539-5A959094B7B1}.Debug|iPhone.Build.0 = Debug|Any CPU
		{5369E785-3B55-4B09-B539-5A959094B7B1}.Debug|iPhoneSimulator.ActiveCfg = Debug|Any CPU
		{5369E785-3B55-4B09-B539-5A959094B7B1}.Debug|iPhoneSimulator.Build.0 = Debug|Any CPU
		{5369E785-3B55-4B09-B539-5A959094B7B1}.Debug|x64.ActiveCfg = Debug|Any CPU
		{5369E785-3B55-4B09-B539-5A959094B7B1}.Debug|x64.Build.0 = Debug|Any CPU
		{5369E785-3B55-4B09-B539-5A959094B7B1}.Debug|x86.ActiveCfg = Debug|Any CPU
		{5369E785-3B55-4B09-B539-5A959094B7B1}.Debug|x86.Build.0 = Debug|Any CPU
		{5369E785-3B55-4B09-B539-5A959094B7B1}.Release|Any CPU.ActiveCfg = Release|Any CPU
		{5369E785-3B55-4B09-B539-5A959094B7B1}.Release|Any CPU.Build.0 = Release|Any CPU
		{5369E785-3B55-4B09-B539-5A959094B7B1}.Release|iPhone.ActiveCfg = Release|Any CPU
		{5369E785-3B55-4B09-B539-5A959094B7B1}.Release|iPhone.Build.0 = Release|Any CPU
		{5369E785-3B55-4B09-B539-5A959094B7B1}.Release|iPhoneSimulator.ActiveCfg = Release|Any CPU
		{5369E785-3B55-4B09-B539-5A959094B7B1}.Release|iPhoneSimulator.Build.0 = Release|Any CPU
		{5369E785-3B55-4B09-B539-5A959094B7B1}.Release|x64.ActiveCfg = Release|Any CPU
		{5369E785-3B55-4B09-B539-5A959094B7B1}.Release|x64.Build.0 = Release|Any CPU
		{5369E785-3B55-4B09-B539-5A959094B7B1}.Release|x86.ActiveCfg = Release|Any CPU
		{5369E785-3B55-4B09-B539-5A959094B7B1}.Release|x86.Build.0 = Release|Any CPU
		{72B51956-D563-47A8-BAC9-2EF9923C9A6D}.Debug|Any CPU.ActiveCfg = Debug|Any CPU
		{72B51956-D563-47A8-BAC9-2EF9923C9A6D}.Debug|Any CPU.Build.0 = Debug|Any CPU
		{72B51956-D563-47A8-BAC9-2EF9923C9A6D}.Debug|iPhone.ActiveCfg = Debug|Any CPU
		{72B51956-D563-47A8-BAC9-2EF9923C9A6D}.Debug|iPhone.Build.0 = Debug|Any CPU
		{72B51956-D563-47A8-BAC9-2EF9923C9A6D}.Debug|iPhoneSimulator.ActiveCfg = Debug|Any CPU
		{72B51956-D563-47A8-BAC9-2EF9923C9A6D}.Debug|iPhoneSimulator.Build.0 = Debug|Any CPU
		{72B51956-D563-47A8-BAC9-2EF9923C9A6D}.Debug|x64.ActiveCfg = Debug|Any CPU
		{72B51956-D563-47A8-BAC9-2EF9923C9A6D}.Debug|x64.Build.0 = Debug|Any CPU
		{72B51956-D563-47A8-BAC9-2EF9923C9A6D}.Debug|x86.ActiveCfg = Debug|Any CPU
		{72B51956-D563-47A8-BAC9-2EF9923C9A6D}.Debug|x86.Build.0 = Debug|Any CPU
		{72B51956-D563-47A8-BAC9-2EF9923C9A6D}.Release|Any CPU.ActiveCfg = Release|Any CPU
		{72B51956-D563-47A8-BAC9-2EF9923C9A6D}.Release|Any CPU.Build.0 = Release|Any CPU
		{72B51956-D563-47A8-BAC9-2EF9923C9A6D}.Release|iPhone.ActiveCfg = Release|Any CPU
		{72B51956-D563-47A8-BAC9-2EF9923C9A6D}.Release|iPhone.Build.0 = Release|Any CPU
		{72B51956-D563-47A8-BAC9-2EF9923C9A6D}.Release|iPhoneSimulator.ActiveCfg = Release|Any CPU
		{72B51956-D563-47A8-BAC9-2EF9923C9A6D}.Release|iPhoneSimulator.Build.0 = Release|Any CPU
		{72B51956-D563-47A8-BAC9-2EF9923C9A6D}.Release|x64.ActiveCfg = Release|Any CPU
		{72B51956-D563-47A8-BAC9-2EF9923C9A6D}.Release|x64.Build.0 = Release|Any CPU
		{72B51956-D563-47A8-BAC9-2EF9923C9A6D}.Release|x86.ActiveCfg = Release|Any CPU
		{72B51956-D563-47A8-BAC9-2EF9923C9A6D}.Release|x86.Build.0 = Release|Any CPU
		{0C9242EC-1784-4315-8E9B-2687FD8E5510}.Debug|Any CPU.ActiveCfg = Debug|Any CPU
		{0C9242EC-1784-4315-8E9B-2687FD8E5510}.Debug|Any CPU.Build.0 = Debug|Any CPU
		{0C9242EC-1784-4315-8E9B-2687FD8E5510}.Debug|iPhone.ActiveCfg = Debug|Any CPU
		{0C9242EC-1784-4315-8E9B-2687FD8E5510}.Debug|iPhone.Build.0 = Debug|Any CPU
		{0C9242EC-1784-4315-8E9B-2687FD8E5510}.Debug|iPhoneSimulator.ActiveCfg = Debug|Any CPU
		{0C9242EC-1784-4315-8E9B-2687FD8E5510}.Debug|iPhoneSimulator.Build.0 = Debug|Any CPU
		{0C9242EC-1784-4315-8E9B-2687FD8E5510}.Debug|x64.ActiveCfg = Debug|Any CPU
		{0C9242EC-1784-4315-8E9B-2687FD8E5510}.Debug|x64.Build.0 = Debug|Any CPU
		{0C9242EC-1784-4315-8E9B-2687FD8E5510}.Debug|x86.ActiveCfg = Debug|Any CPU
		{0C9242EC-1784-4315-8E9B-2687FD8E5510}.Debug|x86.Build.0 = Debug|Any CPU
		{0C9242EC-1784-4315-8E9B-2687FD8E5510}.Release|Any CPU.ActiveCfg = Release|Any CPU
		{0C9242EC-1784-4315-8E9B-2687FD8E5510}.Release|Any CPU.Build.0 = Release|Any CPU
		{0C9242EC-1784-4315-8E9B-2687FD8E5510}.Release|iPhone.ActiveCfg = Release|Any CPU
		{0C9242EC-1784-4315-8E9B-2687FD8E5510}.Release|iPhone.Build.0 = Release|Any CPU
		{0C9242EC-1784-4315-8E9B-2687FD8E5510}.Release|iPhoneSimulator.ActiveCfg = Release|Any CPU
		{0C9242EC-1784-4315-8E9B-2687FD8E5510}.Release|iPhoneSimulator.Build.0 = Release|Any CPU
		{0C9242EC-1784-4315-8E9B-2687FD8E5510}.Release|x64.ActiveCfg = Release|Any CPU
		{0C9242EC-1784-4315-8E9B-2687FD8E5510}.Release|x64.Build.0 = Release|Any CPU
		{0C9242EC-1784-4315-8E9B-2687FD8E5510}.Release|x86.ActiveCfg = Release|Any CPU
		{0C9242EC-1784-4315-8E9B-2687FD8E5510}.Release|x86.Build.0 = Release|Any CPU
		{EE743F75-59A8-469F-9895-FC64B76AA1B3}.Debug|Any CPU.ActiveCfg = Debug|Any CPU
		{EE743F75-59A8-469F-9895-FC64B76AA1B3}.Debug|Any CPU.Build.0 = Debug|Any CPU
		{EE743F75-59A8-469F-9895-FC64B76AA1B3}.Debug|iPhone.ActiveCfg = Debug|Any CPU
		{EE743F75-59A8-469F-9895-FC64B76AA1B3}.Debug|iPhone.Build.0 = Debug|Any CPU
		{EE743F75-59A8-469F-9895-FC64B76AA1B3}.Debug|iPhoneSimulator.ActiveCfg = Debug|Any CPU
		{EE743F75-59A8-469F-9895-FC64B76AA1B3}.Debug|iPhoneSimulator.Build.0 = Debug|Any CPU
		{EE743F75-59A8-469F-9895-FC64B76AA1B3}.Debug|x64.ActiveCfg = Debug|Any CPU
		{EE743F75-59A8-469F-9895-FC64B76AA1B3}.Debug|x64.Build.0 = Debug|Any CPU
		{EE743F75-59A8-469F-9895-FC64B76AA1B3}.Debug|x86.ActiveCfg = Debug|Any CPU
		{EE743F75-59A8-469F-9895-FC64B76AA1B3}.Debug|x86.Build.0 = Debug|Any CPU
		{EE743F75-59A8-469F-9895-FC64B76AA1B3}.Release|Any CPU.ActiveCfg = Release|Any CPU
		{EE743F75-59A8-469F-9895-FC64B76AA1B3}.Release|Any CPU.Build.0 = Release|Any CPU
		{EE743F75-59A8-469F-9895-FC64B76AA1B3}.Release|iPhone.ActiveCfg = Release|Any CPU
		{EE743F75-59A8-469F-9895-FC64B76AA1B3}.Release|iPhone.Build.0 = Release|Any CPU
		{EE743F75-59A8-469F-9895-FC64B76AA1B3}.Release|iPhoneSimulator.ActiveCfg = Release|Any CPU
		{EE743F75-59A8-469F-9895-FC64B76AA1B3}.Release|iPhoneSimulator.Build.0 = Release|Any CPU
		{EE743F75-59A8-469F-9895-FC64B76AA1B3}.Release|x64.ActiveCfg = Release|Any CPU
		{EE743F75-59A8-469F-9895-FC64B76AA1B3}.Release|x64.Build.0 = Release|Any CPU
		{EE743F75-59A8-469F-9895-FC64B76AA1B3}.Release|x86.ActiveCfg = Release|Any CPU
		{EE743F75-59A8-469F-9895-FC64B76AA1B3}.Release|x86.Build.0 = Release|Any CPU
	EndGlobalSection
	GlobalSection(SolutionProperties) = preSolution
		HideSolutionNode = FALSE
	EndGlobalSection
	GlobalSection(ExtensibilityGlobals) = postSolution
		SolutionGuid = {A5757D83-4F0B-4011-B7BA-3706D91295BB}
	EndGlobalSection
EndGlobal
